
Microsoft Visual Studio Solution File, Format Version 12.00
# Visual Studio 2012
Project("{FAE04EC0-301F-11D3-BF4B-00C04F79EFBC}") = "Caro_Game_2", "Caro_Game_2\Caro_Game_2.csproj", "{A11B9B75-4E84-4B5A-97C2-591AD7DEA17D}"
EndProject
Global
	GlobalSection(SolutionConfigurationPlatforms) = preSolution
		Debug|Any CPU = Debug|Any CPU
		Release|Any CPU = Release|Any CPU
	EndGlobalSection
	GlobalSection(ProjectConfigurationPlatforms) = postSolution
		{A11B9B75-4E84-4B5A-97C2-591AD7DEA17D}.Debug|Any CPU.ActiveCfg = Debug|Any CPU
		{A11B9B75-4E84-4B5A-97C2-591AD7DEA17D}.Debug|Any CPU.Build.0 = Debug|Any CPU
		{A11B9B75-4E84-4B5A-97C2-591AD7DEA17D}.Release|Any CPU.ActiveCfg = Release|Any CPU
		{A11B9B75-4E84-4B5A-97C2-591AD7DEA17D}.Release|Any CPU.Build.0 = Release|Any CPU
	EndGlobalSection
	GlobalSection(SolutionProperties) = preSolution
		HideSolutionNode = FALSE
	EndGlobalSection
EndGlobal
