
Microsoft Visual Studio Solution File, Format Version 12.00
# Visual Studio 2013
VisualStudioVersion = 12.0.21005.1
MinimumVisualStudioVersion = 10.0.40219.1
Project("{FAE04EC0-301F-11D3-BF4B-00C04F79EFBC}") = "Caro_Server", "Caro_Server\Caro_Server.csproj", "{32EB1AD4-CA43-4457-ACE5-E4F3053EFC7B}"
EndProject
Project("{FAE04EC0-301F-11D3-BF4B-00C04F79EFBC}") = "Cara_Client", "Cara_Client\Cara_Client.csproj", "{1D14A368-EF78-4D51-A3E0-21B4EBE97A24}"
EndProject
Global
	GlobalSection(SolutionConfigurationPlatforms) = preSolution
		Debug|Any CPU = Debug|Any CPU
		Release|Any CPU = Release|Any CPU
	EndGlobalSection
	GlobalSection(ProjectConfigurationPlatforms) = postSolution
		{32EB1AD4-CA43-4457-ACE5-E4F3053EFC7B}.Debug|Any CPU.ActiveCfg = Debug|Any CPU
		{32EB1AD4-CA43-4457-ACE5-E4F3053EFC7B}.Debug|Any CPU.Build.0 = Debug|Any CPU
		{32EB1AD4-CA43-4457-ACE5-E4F3053EFC7B}.Release|Any CPU.ActiveCfg = Release|Any CPU
		{32EB1AD4-CA43-4457-ACE5-E4F3053EFC7B}.Release|Any CPU.Build.0 = Release|Any CPU
		{1D14A368-EF78-4D51-A3E0-21B4EBE97A24}.Debug|Any CPU.ActiveCfg = Debug|Any CPU
		{1D14A368-EF78-4D51-A3E0-21B4EBE97A24}.Debug|Any CPU.Build.0 = Debug|Any CPU
		{1D14A368-EF78-4D51-A3E0-21B4EBE97A24}.Release|Any CPU.ActiveCfg = Release|Any CPU
		{1D14A368-EF78-4D51-A3E0-21B4EBE97A24}.Release|Any CPU.Build.0 = Release|Any CPU
	EndGlobalSection
	GlobalSection(SolutionProperties) = preSolution
		HideSolutionNode = FALSE
	EndGlobalSection
EndGlobal
